
Microsoft Visual Studio Solution File, Format Version 12.00
# Visual Studio Version 17
VisualStudioVersion = 17.14.36811.4 d17.14
MinimumVisualStudioVersion = 10.0.40219.1
Project("{FAE04EC0-301F-11D3-BF4B-00C04F79EFBC}") = "LigaDS", "LigaDS.csproj", "{B52DF526-466F-4A61-89DB-94282DD8E15B}"
EndProject
Global
	GlobalSection(SolutionConfigurationPlatforms) = preSolution
		Debug|Any CPU = Debug|Any CPU
		Release|Any CPU = Release|Any CPU
	EndGlobalSection
	GlobalSection(ProjectConfigurationPlatforms) = postSolution
		{B52DF526-466F-4A61-89DB-94282DD8E15B}.Debug|Any CPU.ActiveCfg = Debug|Any CPU
		{B52DF526-466F-4A61-89DB-94282DD8E15B}.Debug|Any CPU.Build.0 = Debug|Any CPU
		{B52DF526-466F-4A61-89DB-94282DD8E15B}.Release|Any CPU.ActiveCfg = Release|Any CPU
		{B52DF526-466F-4A61-89DB-94282DD8E15B}.Release|Any CPU.Build.0 = Release|Any CPU
	EndGlobalSection
	GlobalSection(SolutionProperties) = preSolution
		HideSolutionNode = FALSE
	EndGlobalSection
	GlobalSection(ExtensibilityGlobals) = postSolution
		SolutionGuid = {927E44C7-68D1-41DD-A43C-E20E7958DA5D}
	EndGlobalSection
EndGlobal
